{
  "name": "mini_programme",
  "version": "1.0.0",
  "lockfileVersion": 1,
  "requires": true,
  "dependencies": {
    "@miniprogram-component-plus/emoji": {
      "version": "1.0.1",
      "resolved": "https://registry.npmjs.org/@miniprogram-component-plus/emoji/-/emoji-1.0.1.tgz",
      "integrity": "sha512-HOlW9YCEfUL/vriChKnHpXuoWrEIDjg/aF3CtMCNmIYHAtE8wGIZJ/ORlQEnG/oUunkOl20+mla+BYy1QUfeQw=="
    },
    "lin-ui": {
      "version": "0.9.4",
      "resolved": "https://registry.npmjs.org/lin-ui/-/lin-ui-0.9.4.tgz",
      "integrity": "sha512-JS4U2ggpPHg9i9EKcSTO5rtFcFG+3qOL7Y8xFlrI7a3/46DLibsucz7WGIBsIvxJktzJreoS+j4tz6ZofL8/XQ=="
    },
    "vant-weapp": {
      "version": "0.5.29",
      "resolved": "https://registry.npmjs.org/vant-weapp/-/vant-weapp-0.5.29.tgz",
      "integrity": "sha512-RMc0Ga914XFwspw2WuOMU8bOHlIkua8X1DoQ/KPnGQzjwT1uEL4S7W186EmaHF1wN2krB9BVd0LdRRt39dGh6Q=="
    }
  }
}
